
Microsoft Visual Studio Solution File, Format Version 12.00
# Visual Studio Version 17
VisualStudioVersion = 17.14.36518.9
MinimumVisualStudioVersion = 10.0.40219.1
Project("{FAE04EC0-301F-11D3-BF4B-00C04F79EFBC}") = "UltraSnakeGame", "UltraSnakeGame\UltraSnakeGame.csproj", "{95AB5C29-7C54-F003-BDF2-CE68B0DF4097}"
EndProject
Global
	GlobalSection(SolutionConfigurationPlatforms) = preSolution
		Debug|Any CPU = Debug|Any CPU
		Release|Any CPU = Release|Any CPU
	EndGlobalSection
	GlobalSection(ProjectConfigurationPlatforms) = postSolution
		{95AB5C29-7C54-F003-BDF2-CE68B0DF4097}.Debug|Any CPU.ActiveCfg = Debug|Any CPU
		{95AB5C29-7C54-F003-BDF2-CE68B0DF4097}.Debug|Any CPU.Build.0 = Debug|Any CPU
		{95AB5C29-7C54-F003-BDF2-CE68B0DF4097}.Release|Any CPU.ActiveCfg = Release|Any CPU
		{95AB5C29-7C54-F003-BDF2-CE68B0DF4097}.Release|Any CPU.Build.0 = Release|Any CPU
	EndGlobalSection
	GlobalSection(SolutionProperties) = preSolution
		HideSolutionNode = FALSE
	EndGlobalSection
	GlobalSection(ExtensibilityGlobals) = postSolution
		SolutionGuid = {BE8C8D04-4B1E-4EDA-A856-6C2E6FB84F74}
	EndGlobalSection
EndGlobal
